
Microsoft Visual Studio Solution File, Format Version 12.00
# Visual Studio Version 17
VisualStudioVersion = 17.8.34309.116
MinimumVisualStudioVersion = 10.0.40219.1
Project("{FAE04EC0-301F-11D3-BF4B-00C04F79EFBC}") = "CA-1 72854", "CA-1 72854.csproj", "{845F8C5A-6D8D-4D9E-8611-79CE22B3F50B}"
EndProject
Global
	GlobalSection(SolutionConfigurationPlatforms) = preSolution
		Debug|Any CPU = Debug|Any CPU
		Release|Any CPU = Release|Any CPU
	EndGlobalSection
	GlobalSection(ProjectConfigurationPlatforms) = postSolution
		{845F8C5A-6D8D-4D9E-8611-79CE22B3F50B}.Debug|Any CPU.ActiveCfg = Debug|Any CPU
		{845F8C5A-6D8D-4D9E-8611-79CE22B3F50B}.Debug|Any CPU.Build.0 = Debug|Any CPU
		{845F8C5A-6D8D-4D9E-8611-79CE22B3F50B}.Release|Any CPU.ActiveCfg = Release|Any CPU
		{845F8C5A-6D8D-4D9E-8611-79CE22B3F50B}.Release|Any CPU.Build.0 = Release|Any CPU
	EndGlobalSection
	GlobalSection(SolutionProperties) = preSolution
		HideSolutionNode = FALSE
	EndGlobalSection
	GlobalSection(ExtensibilityGlobals) = postSolution
		SolutionGuid = {77B24036-3C6E-4CC2-84EC-86ADD125E30E}
	EndGlobalSection
EndGlobal
